
Microsoft Visual Studio Solution File, Format Version 12.00
# Visual Studio Version 16
VisualStudioVersion = 16.0.31424.327
MinimumVisualStudioVersion = 10.0.40219.1
Project("{FAE04EC0-301F-11D3-BF4B-00C04F79EFBC}") = "CRM", "CRM\CRM.csproj", "{36463BBA-F0BE-48D2-8851-1EAFF8BD6036}"
EndProject
Global
	GlobalSection(SolutionConfigurationPlatforms) = preSolution
		Debug|Any CPU = Debug|Any CPU
		Release|Any CPU = Release|Any CPU
	EndGlobalSection
	GlobalSection(ProjectConfigurationPlatforms) = postSolution
		{36463BBA-F0BE-48D2-8851-1EAFF8BD6036}.Debug|Any CPU.ActiveCfg = Debug|Any CPU
		{36463BBA-F0BE-48D2-8851-1EAFF8BD6036}.Debug|Any CPU.Build.0 = Debug|Any CPU
		{36463BBA-F0BE-48D2-8851-1EAFF8BD6036}.Release|Any CPU.ActiveCfg = Release|Any CPU
		{36463BBA-F0BE-48D2-8851-1EAFF8BD6036}.Release|Any CPU.Build.0 = Release|Any CPU
	EndGlobalSection
	GlobalSection(SolutionProperties) = preSolution
		HideSolutionNode = FALSE
	EndGlobalSection
	GlobalSection(ExtensibilityGlobals) = postSolution
		SolutionGuid = {C38E75B6-E290-46E7-99DE-934286D0B5D4}
	EndGlobalSection
EndGlobal
